
Microsoft Visual Studio Solution File, Format Version 12.00
# Visual Studio Version 16
VisualStudioVersion = 16.0.31019.35
MinimumVisualStudioVersion = 10.0.40219.1
Project("{FAE04EC0-301F-11D3-BF4B-00C04F79EFBC}") = "Fermat", "Fermat\Fermat.csproj", "{14CC979E-EE58-4046-BF0D-C9655ECB68B6}"
EndProject
Global
	GlobalSection(SolutionConfigurationPlatforms) = preSolution
		Debug|Any CPU = Debug|Any CPU
		Release|Any CPU = Release|Any CPU
	EndGlobalSection
	GlobalSection(ProjectConfigurationPlatforms) = postSolution
		{14CC979E-EE58-4046-BF0D-C9655ECB68B6}.Debug|Any CPU.ActiveCfg = Debug|Any CPU
		{14CC979E-EE58-4046-BF0D-C9655ECB68B6}.Debug|Any CPU.Build.0 = Debug|Any CPU
		{14CC979E-EE58-4046-BF0D-C9655ECB68B6}.Release|Any CPU.ActiveCfg = Release|Any CPU
		{14CC979E-EE58-4046-BF0D-C9655ECB68B6}.Release|Any CPU.Build.0 = Release|Any CPU
	EndGlobalSection
	GlobalSection(SolutionProperties) = preSolution
		HideSolutionNode = FALSE
	EndGlobalSection
	GlobalSection(ExtensibilityGlobals) = postSolution
		SolutionGuid = {0EA9FF14-5FEB-4508-8FD8-4A9F35DB7347}
	EndGlobalSection
EndGlobal
